Microsoft Visual Studio Solution File, Format Version 12.00
# Visual Studio Version 17
VisualStudioVersion = 17.10.34916.146
MinimumVisualStudioVersion = 10.0.40219.1
Project("{9A19103F-16F7-4668-BE54-9A1E7A4F7556}") = "AIFunctionCallingRAG.AppHost", "AIFunctionCallingRAG.AppHost\AIFunctionCallingRAG.AppHost.csproj", "{748A0A9D-3129-4338-AD2A-82AA0D4D4042}"
EndProject
Project("{9A19103F-16F7-4668-BE54-9A1E7A4F7556}") = "AIFunctionCallingRAG.ServiceDefaults", "AIFunctionCallingRAG.ServiceDefaults\AIFunctionCallingRAG.ServiceDefaults.csproj", "{9A01D165-14FB-468A-87CF-03FC9AB92F57}"
EndProject
Project("{9A19103F-16F7-4668-BE54-9A1E7A4F7556}") = "AIFunctionCallingRAG.ApiService", "AIFunctionCallingRAG.ApiService\AIFunctionCallingRAG.ApiService.csproj", "{CE3D56E8-2D6C-45CA-81FD-98D04E1E7F20}"
EndProject
Project("{9A19103F-16F7-4668-BE54-9A1E7A4F7556}") = "AIFunctionCallingRAG.Web", "AIFunctionCallingRAG.Web\AIFunctionCallingRAG.Web.csproj", "{DD81B8C5-55D7-4FD7-8C86-77D26BF1C538}"
EndProject
Project("{9A19103F-16F7-4668-BE54-9A1E7A4F7556}") = "AIFunctionCallingRAG.Data", "AIFunctionCallingRAG.Data\AIFunctionCallingRAG.Data.csproj", "{88682BF0-9ADF-4FFC-BCF8-07E3DBD75073}"
EndProject
Project("{9A19103F-16F7-4668-BE54-9A1E7A4F7556}") = "AIFunctionCallingRAG.Workers", "AIFunctionCallingRAG.Workers\AIFunctionCallingRAG.Workers.csproj", "{ABCAB632-2687-4352-A642-0C1FF9C6BA66}"
EndProject
Project("{888888A0-9F3D-457C-B088-3A5042F75D52}") = "AIFunctionCallingRAG.SparseVectorGeneratorApi", "AIFunctionCallingRAG.SparseVectorGeneratorApi\AIFunctionCallingRAG.SparseVectorGeneratorApi.pyproj", "{A6507AE5-FC6D-4C70-A13C-AEFEAE229037}"
EndProject
Project("{FAE04EC0-301F-11D3-BF4B-00C04F79EFBC}") = "AIFunctionCallingRAG.Hosting", "AIFunctionCallingRAG.Hosting\AIFunctionCallingRAG.Hosting.csproj", "{7E81F149-EA25-4360-B2C9-AA97DDEC7768}"
EndProject
Global
	GlobalSection(SolutionConfigurationPlatforms) = preSolution
		Debug|Any CPU = Debug|Any CPU
		Release|Any CPU = Release|Any CPU
	EndGlobalSection
	GlobalSection(ProjectConfigurationPlatforms) = postSolution
		{748A0A9D-3129-4338-AD2A-82AA0D4D4042}.Debug|Any CPU.ActiveCfg = Debug|Any CPU
		{748A0A9D-3129-4338-AD2A-82AA0D4D4042}.Debug|Any CPU.Build.0 = Debug|Any CPU
		{748A0A9D-3129-4338-AD2A-82AA0D4D4042}.Release|Any CPU.ActiveCfg = Release|Any CPU
		{748A0A9D-3129-4338-AD2A-82AA0D4D4042}.Release|Any CPU.Build.0 = Release|Any CPU
		{9A01D165-14FB-468A-87CF-03FC9AB92F57}.Debug|Any CPU.ActiveCfg = Debug|Any CPU
		{9A01D165-14FB-468A-87CF-03FC9AB92F57}.Debug|Any CPU.Build.0 = Debug|Any CPU
		{9A01D165-14FB-468A-87CF-03FC9AB92F57}.Release|Any CPU.ActiveCfg = Release|Any CPU
		{9A01D165-14FB-468A-87CF-03FC9AB92F57}.Release|Any CPU.Build.0 = Release|Any CPU
		{CE3D56E8-2D6C-45CA-81FD-98D04E1E7F20}.Debug|Any CPU.ActiveCfg = Debug|Any CPU
		{CE3D56E8-2D6C-45CA-81FD-98D04E1E7F20}.Debug|Any CPU.Build.0 = Debug|Any CPU
		{CE3D56E8-2D6C-45CA-81FD-98D04E1E7F20}.Release|Any CPU.ActiveCfg = Release|Any CPU
		{CE3D56E8-2D6C-45CA-81FD-98D04E1E7F20}.Release|Any CPU.Build.0 = Release|Any CPU
		{DD81B8C5-55D7-4FD7-8C86-77D26BF1C538}.Debug|Any CPU.ActiveCfg = Debug|Any CPU
		{DD81B8C5-55D7-4FD7-8C86-77D26BF1C538}.Debug|Any CPU.Build.0 = Debug|Any CPU
		{DD81B8C5-55D7-4FD7-8C86-77D26BF1C538}.Release|Any CPU.ActiveCfg = Release|Any CPU
		{DD81B8C5-55D7-4FD7-8C86-77D26BF1C538}.Release|Any CPU.Build.0 = Release|Any CPU
		{88682BF0-9ADF-4FFC-BCF8-07E3DBD75073}.Debug|Any CPU.ActiveCfg = Debug|Any CPU
		{88682BF0-9ADF-4FFC-BCF8-07E3DBD75073}.Debug|Any CPU.Build.0 = Debug|Any CPU
		{88682BF0-9ADF-4FFC-BCF8-07E3DBD75073}.Release|Any CPU.ActiveCfg = Release|Any CPU
		{88682BF0-9ADF-4FFC-BCF8-07E3DBD75073}.Release|Any CPU.Build.0 = Release|Any CPU
		{ABCAB632-2687-4352-A642-0C1FF9C6BA66}.Debug|Any CPU.ActiveCfg = Debug|Any CPU
		{ABCAB632-2687-4352-A642-0C1FF9C6BA66}.Debug|Any CPU.Build.0 = Debug|Any CPU
		{ABCAB632-2687-4352-A642-0C1FF9C6BA66}.Release|Any CPU.ActiveCfg = Release|Any CPU
		{ABCAB632-2687-4352-A642-0C1FF9C6BA66}.Release|Any CPU.Build.0 = Release|Any CPU
		{A6507AE5-FC6D-4C70-A13C-AEFEAE229037}.Debug|Any CPU.ActiveCfg = Debug|Any CPU
		{A6507AE5-FC6D-4C70-A13C-AEFEAE229037}.Release|Any CPU.ActiveCfg = Release|Any CPU
		{7E81F149-EA25-4360-B2C9-AA97DDEC7768}.Debug|Any CPU.ActiveCfg = Debug|Any CPU
		{7E81F149-EA25-4360-B2C9-AA97DDEC7768}.Debug|Any CPU.Build.0 = Debug|Any CPU
		{7E81F149-EA25-4360-B2C9-AA97DDEC7768}.Release|Any CPU.ActiveCfg = Release|Any CPU
		{7E81F149-EA25-4360-B2C9-AA97DDEC7768}.Release|Any CPU.Build.0 = Release|Any CPU
	EndGlobalSection
	GlobalSection(SolutionProperties) = preSolution
		HideSolutionNode = FALSE
	EndGlobalSection
	GlobalSection(ExtensibilityGlobals) = postSolution
		SolutionGuid = {3951E825-2146-4E21-8643-3EBD74634DCB}
	EndGlobalSection
EndGlobal
